Microsoft Visual Studio Solution File, Format Version 12.00
# Visual Studio Version 17
VisualStudioVersion = 17.5.2.0
MinimumVisualStudioVersion = 10.0.40219.1
Project("{FAE04EC0-301F-11D3-BF4B-00C04F79EFBC}") = "EncapsulamentoExercicio", "EncapsulamentoExercicio.csproj", "{6E35BA6F-40ED-9DF0-4F16-9BDF0E67EEF0}"
EndProject
Global
	GlobalSection(SolutionConfigurationPlatforms) = preSolution
		Debug|Any CPU = Debug|Any CPU
		Release|Any CPU = Release|Any CPU
	EndGlobalSection
	GlobalSection(ProjectConfigurationPlatforms) = postSolution
		{6E35BA6F-40ED-9DF0-4F16-9BDF0E67EEF0}.Debug|Any CPU.ActiveCfg = Debug|Any CPU
		{6E35BA6F-40ED-9DF0-4F16-9BDF0E67EEF0}.Debug|Any CPU.Build.0 = Debug|Any CPU
		{6E35BA6F-40ED-9DF0-4F16-9BDF0E67EEF0}.Release|Any CPU.ActiveCfg = Release|Any CPU
		{6E35BA6F-40ED-9DF0-4F16-9BDF0E67EEF0}.Release|Any CPU.Build.0 = Release|Any CPU
	EndGlobalSection
	GlobalSection(SolutionProperties) = preSolution
		HideSolutionNode = FALSE
	EndGlobalSection
	GlobalSection(ExtensibilityGlobals) = postSolution
		SolutionGuid = {4DD3A1DD-F70B-408F-A892-D3A298D86812}
	EndGlobalSection
EndGlobal
