Microsoft Visual Studio Solution File, Format Version 12.00
# Visual Studio Version 17
VisualStudioVersion = 17.5.2.0
MinimumVisualStudioVersion = 10.0.40219.1
Project("{FAE04EC0-301F-11D3-BF4B-00C04F79EFBC}") = "Exercico1", "Exercico1.csproj", "{13615CBD-37E9-A7E8-C5EA-DC6312A8679F}"
EndProject
Global
	GlobalSection(SolutionConfigurationPlatforms) = preSolution
		Debug|Any CPU = Debug|Any CPU
		Release|Any CPU = Release|Any CPU
	EndGlobalSection
	GlobalSection(ProjectConfigurationPlatforms) = postSolution
		{13615CBD-37E9-A7E8-C5EA-DC6312A8679F}.Debug|Any CPU.ActiveCfg = Debug|Any CPU
		{13615CBD-37E9-A7E8-C5EA-DC6312A8679F}.Debug|Any CPU.Build.0 = Debug|Any CPU
		{13615CBD-37E9-A7E8-C5EA-DC6312A8679F}.Release|Any CPU.ActiveCfg = Release|Any CPU
		{13615CBD-37E9-A7E8-C5EA-DC6312A8679F}.Release|Any CPU.Build.0 = Release|Any CPU
	EndGlobalSection
	GlobalSection(SolutionProperties) = preSolution
		HideSolutionNode = FALSE
	EndGlobalSection
	GlobalSection(ExtensibilityGlobals) = postSolution
		SolutionGuid = {DB87D08E-79B2-4688-BE8E-C6E80B365435}
	EndGlobalSection
EndGlobal
