Microsoft Visual Studio Solution File, Format Version 12.00
# Visual Studio Version 17
VisualStudioVersion = 17.5.2.0
MinimumVisualStudioVersion = 10.0.40219.1
Project("{FAE04EC0-301F-11D3-BF4B-00C04F79EFBC}") = "ClassesEstaticas", "ClassesEstaticas.csproj", "{220E054D-1A69-BE10-5A6B-DFF8E7BB7737}"
EndProject
Global
	GlobalSection(SolutionConfigurationPlatforms) = preSolution
		Debug|Any CPU = Debug|Any CPU
		Release|Any CPU = Release|Any CPU
	EndGlobalSection
	GlobalSection(ProjectConfigurationPlatforms) = postSolution
		{220E054D-1A69-BE10-5A6B-DFF8E7BB7737}.Debug|Any CPU.ActiveCfg = Debug|Any CPU
		{220E054D-1A69-BE10-5A6B-DFF8E7BB7737}.Debug|Any CPU.Build.0 = Debug|Any CPU
		{220E054D-1A69-BE10-5A6B-DFF8E7BB7737}.Release|Any CPU.ActiveCfg = Release|Any CPU
		{220E054D-1A69-BE10-5A6B-DFF8E7BB7737}.Release|Any CPU.Build.0 = Release|Any CPU
	EndGlobalSection
	GlobalSection(SolutionProperties) = preSolution
		HideSolutionNode = FALSE
	EndGlobalSection
	GlobalSection(ExtensibilityGlobals) = postSolution
		SolutionGuid = {493C7F75-0AC2-4EA4-B598-857AC28E3ADC}
	EndGlobalSection
EndGlobal
